
Microsoft Visual Studio Solution File, Format Version 12.00
# Visual Studio 2013
VisualStudioVersion = 12.0.21005.1
MinimumVisualStudioVersion = 10.0.40219.1
Project("{FAE04EC0-301F-11D3-BF4B-00C04F79EFBC}") = "DX男士服装进销存", "DX男士服装进销存\DX男士服装进销存.csproj", "{CFDB5B7E-4DC7-4813-B903-23CD1E91677B}"
EndProject
Global
	GlobalSection(SolutionConfigurationPlatforms) = preSolution
		Debug|Any CPU = Debug|Any CPU
		Release|Any CPU = Release|Any CPU
	EndGlobalSection
	GlobalSection(ProjectConfigurationPlatforms) = postSolution
		{CFDB5B7E-4DC7-4813-B903-23CD1E91677B}.Debug|Any CPU.ActiveCfg = Debug|Any CPU
		{CFDB5B7E-4DC7-4813-B903-23CD1E91677B}.Debug|Any CPU.Build.0 = Debug|Any CPU
		{CFDB5B7E-4DC7-4813-B903-23CD1E91677B}.Release|Any CPU.ActiveCfg = Release|Any CPU
		{CFDB5B7E-4DC7-4813-B903-23CD1E91677B}.Release|Any CPU.Build.0 = Release|Any CPU
	EndGlobalSection
	GlobalSection(SolutionProperties) = preSolution
		HideSolutionNode = FALSE
	EndGlobalSection
EndGlobal
